
Microsoft Visual Studio Solution File, Format Version 12.00
# Visual Studio 14
VisualStudioVersion = 14.0.25420.1
MinimumVisualStudioVersion = 10.0.40219.1
Project("{FAE04EC0-301F-11D3-BF4B-00C04F79EFBC}") = "LogAnalyzer.BLL", "LogAnalyzer.BLL\LogAnalyzer.BLL.csproj", "{E4C67C4F-CA8B-411C-8204-CB1E3F4CD477}"
EndProject
Project("{FAE04EC0-301F-11D3-BF4B-00C04F79EFBC}") = "LogAnalyzer.BLL.Test", "LogAnalyzer.BLL.Tests\LogAnalyzer.BLL.Test.csproj", "{9F1E7DEA-15B6-4CF1-9904-7270803C7EB0}"
EndProject
Project("{2150E333-8FDC-42A3-9474-1A3956D46DE8}") = "Solution files", "Solution files", "{24909015-E57A-4E21-AF52-2C060545AB02}"
	ProjectSection(SolutionItems) = preProject
		logan.cmd = logan.cmd
		RuleSet.ruleset = RuleSet.ruleset
		Settings.StyleCop = Settings.StyleCop
	EndProjectSection
EndProject
Global
	GlobalSection(SolutionConfigurationPlatforms) = preSolution
		Debug|Any CPU = Debug|Any CPU
		Release|Any CPU = Release|Any CPU
	EndGlobalSection
	GlobalSection(ProjectConfigurationPlatforms) = postSolution
		{E4C67C4F-CA8B-411C-8204-CB1E3F4CD477}.Debug|Any CPU.ActiveCfg = Debug|Any CPU
		{E4C67C4F-CA8B-411C-8204-CB1E3F4CD477}.Debug|Any CPU.Build.0 = Debug|Any CPU
		{E4C67C4F-CA8B-411C-8204-CB1E3F4CD477}.Release|Any CPU.ActiveCfg = Release|Any CPU
		{E4C67C4F-CA8B-411C-8204-CB1E3F4CD477}.Release|Any CPU.Build.0 = Release|Any CPU
		{9F1E7DEA-15B6-4CF1-9904-7270803C7EB0}.Debug|Any CPU.ActiveCfg = Debug|Any CPU
		{9F1E7DEA-15B6-4CF1-9904-7270803C7EB0}.Debug|Any CPU.Build.0 = Debug|Any CPU
		{9F1E7DEA-15B6-4CF1-9904-7270803C7EB0}.Release|Any CPU.ActiveCfg = Release|Any CPU
		{9F1E7DEA-15B6-4CF1-9904-7270803C7EB0}.Release|Any CPU.Build.0 = Release|Any CPU
	EndGlobalSection
	GlobalSection(SolutionProperties) = preSolution
		HideSolutionNode = FALSE
	EndGlobalSection
EndGlobal
